
Microsoft Visual Studio Solution File, Format Version 12.00
# Visual Studio Version 16
VisualStudioVersion = 16.0.32630.194
MinimumVisualStudioVersion = 10.0.40219.1
Project("{2150E333-8FDC-42A3-9474-1A3956D46DE8}") = "src", "src", "{90582BF8-205F-43FD-82B7-60DD573A696F}"
EndProject
Project("{2150E333-8FDC-42A3-9474-1A3956D46DE8}") = "1 - Presentation", "1 - Presentation", "{F45283A4-4CB0-4E7A-A8F6-C8B8EEA56E69}"
EndProject
Project("{2150E333-8FDC-42A3-9474-1A3956D46DE8}") = "2 - BLL", "2 - BLL", "{AAB98B5B-4134-44B3-AB82-38A5545946FB}"
EndProject
Project("{FAE04EC0-301F-11D3-BF4B-00C04F79EFBC}") = "MyManagementApp", "src\App\MyManagementApp.csproj", "{2257473E-E204-4284-8DE4-B0262FA2E5DB}"
EndProject
Project("{FAE04EC0-301F-11D3-BF4B-00C04F79EFBC}") = "MyManagementApp.Data", "src\MyManagementApp.Data\MyManagementApp.Data.csproj", "{FFBA694B-0D69-4E31-86D6-50BB440EC652}"
EndProject
Project("{FAE04EC0-301F-11D3-BF4B-00C04F79EFBC}") = "MyManagementApp.Application", "MyManagementApp.Application\MyManagementApp.Application.csproj", "{E81B64FC-24B9-497B-8DE4-5502CB1A47A8}"
EndProject
Project("{FAE04EC0-301F-11D3-BF4B-00C04F79EFBC}") = "MyManagementApp.Domain", "src\MyManagementApp.Domain\MyManagementApp.Domain.csproj", "{806C7B5F-319B-4D72-A194-DEB5FFC79670}"
EndProject
Project("{2150E333-8FDC-42A3-9474-1A3956D46DE8}") = "3 - DAL", "3 - DAL", "{1332DA3D-2811-45D8-B575-D1432E1A16E9}"
EndProject
Global
	GlobalSection(SolutionConfigurationPlatforms) = preSolution
		Debug|Any CPU = Debug|Any CPU
		Release|Any CPU = Release|Any CPU
	EndGlobalSection
	GlobalSection(ProjectConfigurationPlatforms) = postSolution
		{2257473E-E204-4284-8DE4-B0262FA2E5DB}.Debug|Any CPU.ActiveCfg = Debug|Any CPU
		{2257473E-E204-4284-8DE4-B0262FA2E5DB}.Debug|Any CPU.Build.0 = Debug|Any CPU
		{2257473E-E204-4284-8DE4-B0262FA2E5DB}.Release|Any CPU.ActiveCfg = Release|Any CPU
		{2257473E-E204-4284-8DE4-B0262FA2E5DB}.Release|Any CPU.Build.0 = Release|Any CPU
		{FFBA694B-0D69-4E31-86D6-50BB440EC652}.Debug|Any CPU.ActiveCfg = Debug|Any CPU
		{FFBA694B-0D69-4E31-86D6-50BB440EC652}.Debug|Any CPU.Build.0 = Debug|Any CPU
		{FFBA694B-0D69-4E31-86D6-50BB440EC652}.Release|Any CPU.ActiveCfg = Release|Any CPU
		{FFBA694B-0D69-4E31-86D6-50BB440EC652}.Release|Any CPU.Build.0 = Release|Any CPU
		{E81B64FC-24B9-497B-8DE4-5502CB1A47A8}.Debug|Any CPU.ActiveCfg = Debug|Any CPU
		{E81B64FC-24B9-497B-8DE4-5502CB1A47A8}.Debug|Any CPU.Build.0 = Debug|Any CPU
		{E81B64FC-24B9-497B-8DE4-5502CB1A47A8}.Release|Any CPU.ActiveCfg = Release|Any CPU
		{E81B64FC-24B9-497B-8DE4-5502CB1A47A8}.Release|Any CPU.Build.0 = Release|Any CPU
		{806C7B5F-319B-4D72-A194-DEB5FFC79670}.Debug|Any CPU.ActiveCfg = Debug|Any CPU
		{806C7B5F-319B-4D72-A194-DEB5FFC79670}.Debug|Any CPU.Build.0 = Debug|Any CPU
		{806C7B5F-319B-4D72-A194-DEB5FFC79670}.Release|Any CPU.ActiveCfg = Release|Any CPU
		{806C7B5F-319B-4D72-A194-DEB5FFC79670}.Release|Any CPU.Build.0 = Release|Any CPU
	EndGlobalSection
	GlobalSection(SolutionProperties) = preSolution
		HideSolutionNode = FALSE
	EndGlobalSection
	GlobalSection(NestedProjects) = preSolution
		{F45283A4-4CB0-4E7A-A8F6-C8B8EEA56E69} = {90582BF8-205F-43FD-82B7-60DD573A696F}
		{AAB98B5B-4134-44B3-AB82-38A5545946FB} = {90582BF8-205F-43FD-82B7-60DD573A696F}
		{2257473E-E204-4284-8DE4-B0262FA2E5DB} = {F45283A4-4CB0-4E7A-A8F6-C8B8EEA56E69}
		{FFBA694B-0D69-4E31-86D6-50BB440EC652} = {1332DA3D-2811-45D8-B575-D1432E1A16E9}
		{E81B64FC-24B9-497B-8DE4-5502CB1A47A8} = {AAB98B5B-4134-44B3-AB82-38A5545946FB}
		{806C7B5F-319B-4D72-A194-DEB5FFC79670} = {AAB98B5B-4134-44B3-AB82-38A5545946FB}
		{1332DA3D-2811-45D8-B575-D1432E1A16E9} = {90582BF8-205F-43FD-82B7-60DD573A696F}
	EndGlobalSection
	GlobalSection(ExtensibilityGlobals) = postSolution
		SolutionGuid = {7530E0F3-D4B1-4631-8CBE-10989768609A}
	EndGlobalSection
EndGlobal
